
Microsoft Visual Studio Solution File, Format Version 12.00
# Visual Studio Version 16
VisualStudioVersion = 16.0.31205.134
MinimumVisualStudioVersion = 10.0.40219.1
Project("{FAE04EC0-301F-11D3-BF4B-00C04F79EFBC}") = "ADOWinForm", "ADOWinForm\ADOWinForm.csproj", "{471EF876-DDC2-4BB5-8E17-E8E677E30496}"
EndProject
Global
	GlobalSection(SolutionConfigurationPlatforms) = preSolution
		Debug|Any CPU = Debug|Any CPU
		Release|Any CPU = Release|Any CPU
	EndGlobalSection
	GlobalSection(ProjectConfigurationPlatforms) = postSolution
		{471EF876-DDC2-4BB5-8E17-E8E677E30496}.Debug|Any CPU.ActiveCfg = Debug|Any CPU
		{471EF876-DDC2-4BB5-8E17-E8E677E30496}.Debug|Any CPU.Build.0 = Debug|Any CPU
		{471EF876-DDC2-4BB5-8E17-E8E677E30496}.Release|Any CPU.ActiveCfg = Release|Any CPU
		{471EF876-DDC2-4BB5-8E17-E8E677E30496}.Release|Any CPU.Build.0 = Release|Any CPU
	EndGlobalSection
	GlobalSection(SolutionProperties) = preSolution
		HideSolutionNode = FALSE
	EndGlobalSection
	GlobalSection(ExtensibilityGlobals) = postSolution
		SolutionGuid = {CDC89B86-8A3D-4638-A926-A48A3A33BBAB}
	EndGlobalSection
EndGlobal
